
Microsoft Visual Studio Solution File, Format Version 12.00
# Visual Studio 15
VisualStudioVersion = 15.0.26124.0
MinimumVisualStudioVersion = 15.0.26124.0
Project("{FAE04EC0-301F-11D3-BF4B-00C04F79EFBC}") = "esdc-simulation-base", "esdc-simulation-base\esdc-simulation-base.csproj", "{38C20B31-E322-44AF-8DC7-F470C4B819B1}"
EndProject
Project("{FAE04EC0-301F-11D3-BF4B-00C04F79EFBC}") = "esdc-simulation-base.Tests", "esdc-simulation-base.Tests\esdc-simulation-base.Tests.csproj", "{DAC42985-2AD4-4727-AEC0-93206A05106D}"
EndProject
Project("{FAE04EC0-301F-11D3-BF4B-00C04F79EFBC}") = "maternity-benefits", "maternity-benefits\maternity-benefits.csproj", "{01D7F2F4-8682-465B-B161-626FCD2924BE}"
EndProject
Project("{FAE04EC0-301F-11D3-BF4B-00C04F79EFBC}") = "maternity-benefits.Tests", "maternity-benefits.Tests\maternity-benefits.Tests.csproj", "{FD676809-7A7D-4B02-A304-6233695189F5}"
EndProject
Project("{FAE04EC0-301F-11D3-BF4B-00C04F79EFBC}") = "esdc-simulation-api", "esdc-simulation-api\esdc-simulation-api.csproj", "{7D21B97D-E834-4B8C-84C1-4E69C3BCA09F}"
EndProject
Project("{FAE04EC0-301F-11D3-BF4B-00C04F79EFBC}") = "esdc-simulation-classes", "esdc-simulation-classes\esdc-simulation-classes.csproj", "{D35F6F10-C996-409C-BE2B-827A715F7801}"
EndProject
Global
	GlobalSection(SolutionConfigurationPlatforms) = preSolution
		Debug|Any CPU = Debug|Any CPU
		Debug|x64 = Debug|x64
		Debug|x86 = Debug|x86
		Release|Any CPU = Release|Any CPU
		Release|x64 = Release|x64
		Release|x86 = Release|x86
	EndGlobalSection
	GlobalSection(SolutionProperties) = preSolution
		HideSolutionNode = FALSE
	EndGlobalSection
	GlobalSection(ProjectConfigurationPlatforms) = postSolution
		{38C20B31-E322-44AF-8DC7-F470C4B819B1}.Debug|Any CPU.ActiveCfg = Debug|Any CPU
		{38C20B31-E322-44AF-8DC7-F470C4B819B1}.Debug|Any CPU.Build.0 = Debug|Any CPU
		{38C20B31-E322-44AF-8DC7-F470C4B819B1}.Debug|x64.ActiveCfg = Debug|Any CPU
		{38C20B31-E322-44AF-8DC7-F470C4B819B1}.Debug|x64.Build.0 = Debug|Any CPU
		{38C20B31-E322-44AF-8DC7-F470C4B819B1}.Debug|x86.ActiveCfg = Debug|Any CPU
		{38C20B31-E322-44AF-8DC7-F470C4B819B1}.Debug|x86.Build.0 = Debug|Any CPU
		{38C20B31-E322-44AF-8DC7-F470C4B819B1}.Release|Any CPU.ActiveCfg = Release|Any CPU
		{38C20B31-E322-44AF-8DC7-F470C4B819B1}.Release|Any CPU.Build.0 = Release|Any CPU
		{38C20B31-E322-44AF-8DC7-F470C4B819B1}.Release|x64.ActiveCfg = Release|Any CPU
		{38C20B31-E322-44AF-8DC7-F470C4B819B1}.Release|x64.Build.0 = Release|Any CPU
		{38C20B31-E322-44AF-8DC7-F470C4B819B1}.Release|x86.ActiveCfg = Release|Any CPU
		{38C20B31-E322-44AF-8DC7-F470C4B819B1}.Release|x86.Build.0 = Release|Any CPU
		{DAC42985-2AD4-4727-AEC0-93206A05106D}.Debug|Any CPU.ActiveCfg = Debug|Any CPU
		{DAC42985-2AD4-4727-AEC0-93206A05106D}.Debug|Any CPU.Build.0 = Debug|Any CPU
		{DAC42985-2AD4-4727-AEC0-93206A05106D}.Debug|x64.ActiveCfg = Debug|Any CPU
		{DAC42985-2AD4-4727-AEC0-93206A05106D}.Debug|x64.Build.0 = Debug|Any CPU
		{DAC42985-2AD4-4727-AEC0-93206A05106D}.Debug|x86.ActiveCfg = Debug|Any CPU
		{DAC42985-2AD4-4727-AEC0-93206A05106D}.Debug|x86.Build.0 = Debug|Any CPU
		{DAC42985-2AD4-4727-AEC0-93206A05106D}.Release|Any CPU.ActiveCfg = Release|Any CPU
		{DAC42985-2AD4-4727-AEC0-93206A05106D}.Release|Any CPU.Build.0 = Release|Any CPU
		{DAC42985-2AD4-4727-AEC0-93206A05106D}.Release|x64.ActiveCfg = Release|Any CPU
		{DAC42985-2AD4-4727-AEC0-93206A05106D}.Release|x64.Build.0 = Release|Any CPU
		{DAC42985-2AD4-4727-AEC0-93206A05106D}.Release|x86.ActiveCfg = Release|Any CPU
		{DAC42985-2AD4-4727-AEC0-93206A05106D}.Release|x86.Build.0 = Release|Any CPU
		{E1539F5E-46C0-4ABC-A234-59068409B541}.Debug|Any CPU.ActiveCfg = Debug|Any CPU
		{E1539F5E-46C0-4ABC-A234-59068409B541}.Debug|Any CPU.Build.0 = Debug|Any CPU
		{E1539F5E-46C0-4ABC-A234-59068409B541}.Debug|x64.ActiveCfg = Debug|Any CPU
		{E1539F5E-46C0-4ABC-A234-59068409B541}.Debug|x64.Build.0 = Debug|Any CPU
		{E1539F5E-46C0-4ABC-A234-59068409B541}.Debug|x86.ActiveCfg = Debug|Any CPU
		{E1539F5E-46C0-4ABC-A234-59068409B541}.Debug|x86.Build.0 = Debug|Any CPU
		{E1539F5E-46C0-4ABC-A234-59068409B541}.Release|Any CPU.ActiveCfg = Release|Any CPU
		{E1539F5E-46C0-4ABC-A234-59068409B541}.Release|Any CPU.Build.0 = Release|Any CPU
		{E1539F5E-46C0-4ABC-A234-59068409B541}.Release|x64.ActiveCfg = Release|Any CPU
		{E1539F5E-46C0-4ABC-A234-59068409B541}.Release|x64.Build.0 = Release|Any CPU
		{E1539F5E-46C0-4ABC-A234-59068409B541}.Release|x86.ActiveCfg = Release|Any CPU
		{E1539F5E-46C0-4ABC-A234-59068409B541}.Release|x86.Build.0 = Release|Any CPU
		{8BAC1E91-D7C3-42FC-9C15-00487646421B}.Debug|Any CPU.ActiveCfg = Debug|Any CPU
		{8BAC1E91-D7C3-42FC-9C15-00487646421B}.Debug|Any CPU.Build.0 = Debug|Any CPU
		{8BAC1E91-D7C3-42FC-9C15-00487646421B}.Debug|x64.ActiveCfg = Debug|Any CPU
		{8BAC1E91-D7C3-42FC-9C15-00487646421B}.Debug|x64.Build.0 = Debug|Any CPU
		{8BAC1E91-D7C3-42FC-9C15-00487646421B}.Debug|x86.ActiveCfg = Debug|Any CPU
		{8BAC1E91-D7C3-42FC-9C15-00487646421B}.Debug|x86.Build.0 = Debug|Any CPU
		{8BAC1E91-D7C3-42FC-9C15-00487646421B}.Release|Any CPU.ActiveCfg = Release|Any CPU
		{8BAC1E91-D7C3-42FC-9C15-00487646421B}.Release|Any CPU.Build.0 = Release|Any CPU
		{8BAC1E91-D7C3-42FC-9C15-00487646421B}.Release|x64.ActiveCfg = Release|Any CPU
		{8BAC1E91-D7C3-42FC-9C15-00487646421B}.Release|x64.Build.0 = Release|Any CPU
		{8BAC1E91-D7C3-42FC-9C15-00487646421B}.Release|x86.ActiveCfg = Release|Any CPU
		{8BAC1E91-D7C3-42FC-9C15-00487646421B}.Release|x86.Build.0 = Release|Any CPU
		{01D7F2F4-8682-465B-B161-626FCD2924BE}.Debug|Any CPU.ActiveCfg = Debug|Any CPU
		{01D7F2F4-8682-465B-B161-626FCD2924BE}.Debug|Any CPU.Build.0 = Debug|Any CPU
		{01D7F2F4-8682-465B-B161-626FCD2924BE}.Debug|x64.ActiveCfg = Debug|Any CPU
		{01D7F2F4-8682-465B-B161-626FCD2924BE}.Debug|x64.Build.0 = Debug|Any CPU
		{01D7F2F4-8682-465B-B161-626FCD2924BE}.Debug|x86.ActiveCfg = Debug|Any CPU
		{01D7F2F4-8682-465B-B161-626FCD2924BE}.Debug|x86.Build.0 = Debug|Any CPU
		{01D7F2F4-8682-465B-B161-626FCD2924BE}.Release|Any CPU.ActiveCfg = Release|Any CPU
		{01D7F2F4-8682-465B-B161-626FCD2924BE}.Release|Any CPU.Build.0 = Release|Any CPU
		{01D7F2F4-8682-465B-B161-626FCD2924BE}.Release|x64.ActiveCfg = Release|Any CPU
		{01D7F2F4-8682-465B-B161-626FCD2924BE}.Release|x64.Build.0 = Release|Any CPU
		{01D7F2F4-8682-465B-B161-626FCD2924BE}.Release|x86.ActiveCfg = Release|Any CPU
		{01D7F2F4-8682-465B-B161-626FCD2924BE}.Release|x86.Build.0 = Release|Any CPU
		{FD676809-7A7D-4B02-A304-6233695189F5}.Debug|Any CPU.ActiveCfg = Debug|Any CPU
		{FD676809-7A7D-4B02-A304-6233695189F5}.Debug|Any CPU.Build.0 = Debug|Any CPU
		{FD676809-7A7D-4B02-A304-6233695189F5}.Debug|x64.ActiveCfg = Debug|Any CPU
		{FD676809-7A7D-4B02-A304-6233695189F5}.Debug|x64.Build.0 = Debug|Any CPU
		{FD676809-7A7D-4B02-A304-6233695189F5}.Debug|x86.ActiveCfg = Debug|Any CPU
		{FD676809-7A7D-4B02-A304-6233695189F5}.Debug|x86.Build.0 = Debug|Any CPU
		{FD676809-7A7D-4B02-A304-6233695189F5}.Release|Any CPU.ActiveCfg = Release|Any CPU
		{FD676809-7A7D-4B02-A304-6233695189F5}.Release|Any CPU.Build.0 = Release|Any CPU
		{FD676809-7A7D-4B02-A304-6233695189F5}.Release|x64.ActiveCfg = Release|Any CPU
		{FD676809-7A7D-4B02-A304-6233695189F5}.Release|x64.Build.0 = Release|Any CPU
		{FD676809-7A7D-4B02-A304-6233695189F5}.Release|x86.ActiveCfg = Release|Any CPU
		{FD676809-7A7D-4B02-A304-6233695189F5}.Release|x86.Build.0 = Release|Any CPU
		{7D21B97D-E834-4B8C-84C1-4E69C3BCA09F}.Debug|Any CPU.ActiveCfg = Debug|Any CPU
		{7D21B97D-E834-4B8C-84C1-4E69C3BCA09F}.Debug|Any CPU.Build.0 = Debug|Any CPU
		{7D21B97D-E834-4B8C-84C1-4E69C3BCA09F}.Debug|x64.ActiveCfg = Debug|Any CPU
		{7D21B97D-E834-4B8C-84C1-4E69C3BCA09F}.Debug|x64.Build.0 = Debug|Any CPU
		{7D21B97D-E834-4B8C-84C1-4E69C3BCA09F}.Debug|x86.ActiveCfg = Debug|Any CPU
		{7D21B97D-E834-4B8C-84C1-4E69C3BCA09F}.Debug|x86.Build.0 = Debug|Any CPU
		{7D21B97D-E834-4B8C-84C1-4E69C3BCA09F}.Release|Any CPU.ActiveCfg = Release|Any CPU
		{7D21B97D-E834-4B8C-84C1-4E69C3BCA09F}.Release|Any CPU.Build.0 = Release|Any CPU
		{7D21B97D-E834-4B8C-84C1-4E69C3BCA09F}.Release|x64.ActiveCfg = Release|Any CPU
		{7D21B97D-E834-4B8C-84C1-4E69C3BCA09F}.Release|x64.Build.0 = Release|Any CPU
		{7D21B97D-E834-4B8C-84C1-4E69C3BCA09F}.Release|x86.ActiveCfg = Release|Any CPU
		{7D21B97D-E834-4B8C-84C1-4E69C3BCA09F}.Release|x86.Build.0 = Release|Any CPU
		{D35F6F10-C996-409C-BE2B-827A715F7801}.Debug|Any CPU.ActiveCfg = Debug|Any CPU
		{D35F6F10-C996-409C-BE2B-827A715F7801}.Debug|Any CPU.Build.0 = Debug|Any CPU
		{D35F6F10-C996-409C-BE2B-827A715F7801}.Debug|x64.ActiveCfg = Debug|Any CPU
		{D35F6F10-C996-409C-BE2B-827A715F7801}.Debug|x64.Build.0 = Debug|Any CPU
		{D35F6F10-C996-409C-BE2B-827A715F7801}.Debug|x86.ActiveCfg = Debug|Any CPU
		{D35F6F10-C996-409C-BE2B-827A715F7801}.Debug|x86.Build.0 = Debug|Any CPU
		{D35F6F10-C996-409C-BE2B-827A715F7801}.Release|Any CPU.ActiveCfg = Release|Any CPU
		{D35F6F10-C996-409C-BE2B-827A715F7801}.Release|Any CPU.Build.0 = Release|Any CPU
		{D35F6F10-C996-409C-BE2B-827A715F7801}.Release|x64.ActiveCfg = Release|Any CPU
		{D35F6F10-C996-409C-BE2B-827A715F7801}.Release|x64.Build.0 = Release|Any CPU
		{D35F6F10-C996-409C-BE2B-827A715F7801}.Release|x86.ActiveCfg = Release|Any CPU
		{D35F6F10-C996-409C-BE2B-827A715F7801}.Release|x86.Build.0 = Release|Any CPU
	EndGlobalSection
EndGlobal
